
Microsoft Visual Studio Solution File, Format Version 11.00
# Visual Studio 2010
Project("{FAE04EC0-301F-11D3-BF4B-00C04F79EFBC}") = "78160219df4d94f4da7d315874aa0b1b", "Assembly-CSharp.csproj", "{DA89D9E4-9B27-F938-CA40-52EF99F467AB}"
EndProject
Project("{FAE04EC0-301F-11D3-BF4B-00C04F79EFBC}") = "78160219df4d94f4da7d315874aa0b1b", "Assembly-CSharp-Editor.csproj", "{208EEEFB-69C6-57AE-D221-1CCA808C55C7}"
EndProject
Global
	GlobalSection(SolutionConfigurationPlatforms) = preSolution
		Debug|Any CPU = Debug|Any CPU
		Release|Any CPU = Release|Any CPU
	EndGlobalSection
	GlobalSection(ProjectConfigurationPlatforms) = postSolution
		{DA89D9E4-9B27-F938-CA40-52EF99F467AB}.Debug|Any CPU.ActiveCfg = Debug|Any CPU
		{DA89D9E4-9B27-F938-CA40-52EF99F467AB}.Debug|Any CPU.Build.0 = Debug|Any CPU
		{DA89D9E4-9B27-F938-CA40-52EF99F467AB}.Release|Any CPU.ActiveCfg = Release|Any CPU
		{DA89D9E4-9B27-F938-CA40-52EF99F467AB}.Release|Any CPU.Build.0 = Release|Any CPU
		{208EEEFB-69C6-57AE-D221-1CCA808C55C7}.Debug|Any CPU.ActiveCfg = Debug|Any CPU
		{208EEEFB-69C6-57AE-D221-1CCA808C55C7}.Debug|Any CPU.Build.0 = Debug|Any CPU
		{208EEEFB-69C6-57AE-D221-1CCA808C55C7}.Release|Any CPU.ActiveCfg = Release|Any CPU
		{208EEEFB-69C6-57AE-D221-1CCA808C55C7}.Release|Any CPU.Build.0 = Release|Any CPU
	EndGlobalSection
	GlobalSection(SolutionProperties) = preSolution
		HideSolutionNode = FALSE
	EndGlobalSection
	GlobalSection(MonoDevelopProperties) = preSolution
		StartupItem = Assembly-CSharp.csproj
	EndGlobalSection
EndGlobal
