
Microsoft Visual Studio Solution File, Format Version 11.00
# Visual Studio 2010
Project("{FAE04EC0-301F-11D3-BF4B-00C04F79EFBC}") = "tanksbutthrice", "Assembly-CSharp.csproj", "{501AD3E0-EC09-970B-553D-7857195E1EF4}"
EndProject
Project("{FAE04EC0-301F-11D3-BF4B-00C04F79EFBC}") = "tanksbutthrice", "Assembly-CSharp-Editor.csproj", "{83271C2E-D2D2-1C19-5B72-01F3B3292A05}"
EndProject
Global
	GlobalSection(SolutionConfigurationPlatforms) = preSolution
		Debug|Any CPU = Debug|Any CPU
		Release|Any CPU = Release|Any CPU
	EndGlobalSection
	GlobalSection(ProjectConfigurationPlatforms) = postSolution
		{501AD3E0-EC09-970B-553D-7857195E1EF4}.Debug|Any CPU.ActiveCfg = Debug|Any CPU
		{501AD3E0-EC09-970B-553D-7857195E1EF4}.Debug|Any CPU.Build.0 = Debug|Any CPU
		{501AD3E0-EC09-970B-553D-7857195E1EF4}.Release|Any CPU.ActiveCfg = Release|Any CPU
		{501AD3E0-EC09-970B-553D-7857195E1EF4}.Release|Any CPU.Build.0 = Release|Any CPU
		{83271C2E-D2D2-1C19-5B72-01F3B3292A05}.Debug|Any CPU.ActiveCfg = Debug|Any CPU
		{83271C2E-D2D2-1C19-5B72-01F3B3292A05}.Debug|Any CPU.Build.0 = Debug|Any CPU
		{83271C2E-D2D2-1C19-5B72-01F3B3292A05}.Release|Any CPU.ActiveCfg = Release|Any CPU
		{83271C2E-D2D2-1C19-5B72-01F3B3292A05}.Release|Any CPU.Build.0 = Release|Any CPU
	EndGlobalSection
	GlobalSection(SolutionProperties) = preSolution
		HideSolutionNode = FALSE
	EndGlobalSection
	GlobalSection(MonoDevelopProperties) = preSolution
		StartupItem = Assembly-CSharp.csproj
	EndGlobalSection
EndGlobal
